
Microsoft Visual Studio Solution File, Format Version 12.00
# Visual Studio Version 16
VisualStudioVersion = 16.0.30204.135
MinimumVisualStudioVersion = 10.0.40219.1
Project("{FAE04EC0-301F-11D3-BF4B-00C04F79EFBC}") = "SelhozApplication", "SelhozApplication\SelhozApplication.csproj", "{8E937949-E7F8-4F1D-8F27-E1C779713656}"
EndProject
Global
	GlobalSection(SolutionConfigurationPlatforms) = preSolution
		Debug|Any CPU = Debug|Any CPU
		Release|Any CPU = Release|Any CPU
	EndGlobalSection
	GlobalSection(ProjectConfigurationPlatforms) = postSolution
		{8E937949-E7F8-4F1D-8F27-E1C779713656}.Debug|Any CPU.ActiveCfg = Debug|Any CPU
		{8E937949-E7F8-4F1D-8F27-E1C779713656}.Debug|Any CPU.Build.0 = Debug|Any CPU
		{8E937949-E7F8-4F1D-8F27-E1C779713656}.Release|Any CPU.ActiveCfg = Release|Any CPU
		{8E937949-E7F8-4F1D-8F27-E1C779713656}.Release|Any CPU.Build.0 = Release|Any CPU
	EndGlobalSection
	GlobalSection(SolutionProperties) = preSolution
		HideSolutionNode = FALSE
	EndGlobalSection
	GlobalSection(ExtensibilityGlobals) = postSolution
		SolutionGuid = {311EE525-DECF-43F1-87FB-2877F5EE24B7}
	EndGlobalSection
EndGlobal
